
Microsoft Visual Studio Solution File, Format Version 12.00
# Visual Studio Version 16
VisualStudioVersion = 16.0.30907.101
MinimumVisualStudioVersion = 10.0.40219.1
Project("{9A19103F-16F7-4668-BE54-9A1E7A4F7556}") = "Pandologic", "Pandologic.csproj", "{51F7B5F9-B472-4239-A25F-EB0927AF4315}"
EndProject
Project("{9A19103F-16F7-4668-BE54-9A1E7A4F7556}") = "DatabaseConnections", "..\DatabaseConnections\DatabaseConnections.csproj", "{167AD3D9-ABEC-41FA-A055-1BA4C553D9DF}"
EndProject
Project("{9A19103F-16F7-4668-BE54-9A1E7A4F7556}") = "Pandologic.DAL", "..\Pandologic.DAL\Pandologic.DAL.csproj", "{6140A1F7-F8CF-4A67-9A61-BBF7CD29465F}"
EndProject
Project("{9A19103F-16F7-4668-BE54-9A1E7A4F7556}") = "Pandologic.Entities", "..\Pandologic.Entities\Pandologic.Entities.csproj", "{905A19A7-B0DB-438F-9428-9D9D688CB7FE}"
EndProject
Project("{9A19103F-16F7-4668-BE54-9A1E7A4F7556}") = "Processing", "..\Processing\Processing.csproj", "{1FE558CB-4519-41AC-B5E5-ECB2F60448C4}"
EndProject
Global
	GlobalSection(SolutionConfigurationPlatforms) = preSolution
		Debug|Any CPU = Debug|Any CPU
		Release|Any CPU = Release|Any CPU
	EndGlobalSection
	GlobalSection(ProjectConfigurationPlatforms) = postSolution
		{51F7B5F9-B472-4239-A25F-EB0927AF4315}.Debug|Any CPU.ActiveCfg = Debug|Any CPU
		{51F7B5F9-B472-4239-A25F-EB0927AF4315}.Debug|Any CPU.Build.0 = Debug|Any CPU
		{51F7B5F9-B472-4239-A25F-EB0927AF4315}.Release|Any CPU.ActiveCfg = Release|Any CPU
		{51F7B5F9-B472-4239-A25F-EB0927AF4315}.Release|Any CPU.Build.0 = Release|Any CPU
		{167AD3D9-ABEC-41FA-A055-1BA4C553D9DF}.Debug|Any CPU.ActiveCfg = Debug|Any CPU
		{167AD3D9-ABEC-41FA-A055-1BA4C553D9DF}.Debug|Any CPU.Build.0 = Debug|Any CPU
		{167AD3D9-ABEC-41FA-A055-1BA4C553D9DF}.Release|Any CPU.ActiveCfg = Release|Any CPU
		{167AD3D9-ABEC-41FA-A055-1BA4C553D9DF}.Release|Any CPU.Build.0 = Release|Any CPU
		{6140A1F7-F8CF-4A67-9A61-BBF7CD29465F}.Debug|Any CPU.ActiveCfg = Debug|Any CPU
		{6140A1F7-F8CF-4A67-9A61-BBF7CD29465F}.Debug|Any CPU.Build.0 = Debug|Any CPU
		{6140A1F7-F8CF-4A67-9A61-BBF7CD29465F}.Release|Any CPU.ActiveCfg = Release|Any CPU
		{6140A1F7-F8CF-4A67-9A61-BBF7CD29465F}.Release|Any CPU.Build.0 = Release|Any CPU
		{905A19A7-B0DB-438F-9428-9D9D688CB7FE}.Debug|Any CPU.ActiveCfg = Debug|Any CPU
		{905A19A7-B0DB-438F-9428-9D9D688CB7FE}.Debug|Any CPU.Build.0 = Debug|Any CPU
		{905A19A7-B0DB-438F-9428-9D9D688CB7FE}.Release|Any CPU.ActiveCfg = Release|Any CPU
		{905A19A7-B0DB-438F-9428-9D9D688CB7FE}.Release|Any CPU.Build.0 = Release|Any CPU
		{1FE558CB-4519-41AC-B5E5-ECB2F60448C4}.Debug|Any CPU.ActiveCfg = Debug|Any CPU
		{1FE558CB-4519-41AC-B5E5-ECB2F60448C4}.Debug|Any CPU.Build.0 = Debug|Any CPU
		{1FE558CB-4519-41AC-B5E5-ECB2F60448C4}.Release|Any CPU.ActiveCfg = Release|Any CPU
		{1FE558CB-4519-41AC-B5E5-ECB2F60448C4}.Release|Any CPU.Build.0 = Release|Any CPU
	EndGlobalSection
	GlobalSection(SolutionProperties) = preSolution
		HideSolutionNode = FALSE
	EndGlobalSection
	GlobalSection(ExtensibilityGlobals) = postSolution
		SolutionGuid = {AC07CC71-FC04-4B6B-97BE-7404ECCB68EE}
	EndGlobalSection
EndGlobal
